
Microsoft Visual Studio Solution File, Format Version 12.00
# Visual Studio Version 17
VisualStudioVersion = 17.2.32630.192
MinimumVisualStudioVersion = 10.0.40219.1
Project("{FAE04EC0-301F-11D3-BF4B-00C04F79EFBC}") = "KjellBlazorDemo.App", "KjellBlazorDemo.App\KjellBlazorDemo.App.csproj", "{7642DB23-3164-4F64-86FD-CAEB58913B0E}"
EndProject
Project("{FAE04EC0-301F-11D3-BF4B-00C04F79EFBC}") = "KjellBlazorDemo.AppTests", "KjellBlazorDemo.AppTests\KjellBlazorDemo.AppTests.csproj", "{77ACE62F-2474-4D17-9297-BA24DC1E14BB}"
EndProject
Global
	GlobalSection(SolutionConfigurationPlatforms) = preSolution
		Debug|Any CPU = Debug|Any CPU
		Release|Any CPU = Release|Any CPU
	EndGlobalSection
	GlobalSection(ProjectConfigurationPlatforms) = postSolution
		{7642DB23-3164-4F64-86FD-CAEB58913B0E}.Debug|Any CPU.ActiveCfg = Debug|Any CPU
		{7642DB23-3164-4F64-86FD-CAEB58913B0E}.Debug|Any CPU.Build.0 = Debug|Any CPU
		{7642DB23-3164-4F64-86FD-CAEB58913B0E}.Release|Any CPU.ActiveCfg = Release|Any CPU
		{7642DB23-3164-4F64-86FD-CAEB58913B0E}.Release|Any CPU.Build.0 = Release|Any CPU
		{77ACE62F-2474-4D17-9297-BA24DC1E14BB}.Debug|Any CPU.ActiveCfg = Debug|Any CPU
		{77ACE62F-2474-4D17-9297-BA24DC1E14BB}.Debug|Any CPU.Build.0 = Debug|Any CPU
		{77ACE62F-2474-4D17-9297-BA24DC1E14BB}.Release|Any CPU.ActiveCfg = Release|Any CPU
		{77ACE62F-2474-4D17-9297-BA24DC1E14BB}.Release|Any CPU.Build.0 = Release|Any CPU
	EndGlobalSection
	GlobalSection(SolutionProperties) = preSolution
		HideSolutionNode = FALSE
	EndGlobalSection
	GlobalSection(ExtensibilityGlobals) = postSolution
		SolutionGuid = {7CA81EB6-389E-434F-857D-755744003AFC}
	EndGlobalSection
EndGlobal
