
Microsoft Visual Studio Solution File, Format Version 12.00
# Visual Studio Version 17
VisualStudioVersion = 17.2.32630.192
MinimumVisualStudioVersion = 10.0.40219.1
Project("{9A19103F-16F7-4668-BE54-9A1E7A4F7556}") = "KjellBlazorDemo.App", "KjellBlazorDemo.App\KjellBlazorDemo.App.csproj", "{7642DB23-3164-4F64-86FD-CAEB58913B0E}"
EndProject
Project("{9A19103F-16F7-4668-BE54-9A1E7A4F7556}") = "KjellBlazorDemo.AppTests", "KjellBlazorDemo.AppTests\KjellBlazorDemo.AppTests.csproj", "{77ACE62F-2474-4D17-9297-BA24DC1E14BB}"
EndProject
Project("{9A19103F-16F7-4668-BE54-9A1E7A4F7556}") = "KjellBlazorDemo.Engine", "KjellBlazorDemo.Engine\KjellBlazorDemo.Engine.csproj", "{95A95D12-EC07-412E-86BE-030187FA8E8A}"
EndProject
Project("{9A19103F-16F7-4668-BE54-9A1E7A4F7556}") = "KjellBlazorDemo.EngineTests", "KjellBlazorDemo.EngineTests\KjellBlazorDemo.EngineTests.csproj", "{2920C742-7F59-4BE4-89C5-6C2B43A673CB}"
EndProject
Global
	GlobalSection(SolutionConfigurationPlatforms) = preSolution
		Debug|Any CPU = Debug|Any CPU
		Release|Any CPU = Release|Any CPU
	EndGlobalSection
	GlobalSection(ProjectConfigurationPlatforms) = postSolution
		{7642DB23-3164-4F64-86FD-CAEB58913B0E}.Debug|Any CPU.ActiveCfg = Debug|Any CPU
		{7642DB23-3164-4F64-86FD-CAEB58913B0E}.Debug|Any CPU.Build.0 = Debug|Any CPU
		{7642DB23-3164-4F64-86FD-CAEB58913B0E}.Release|Any CPU.ActiveCfg = Release|Any CPU
		{7642DB23-3164-4F64-86FD-CAEB58913B0E}.Release|Any CPU.Build.0 = Release|Any CPU
		{77ACE62F-2474-4D17-9297-BA24DC1E14BB}.Debug|Any CPU.ActiveCfg = Debug|Any CPU
		{77ACE62F-2474-4D17-9297-BA24DC1E14BB}.Debug|Any CPU.Build.0 = Debug|Any CPU
		{77ACE62F-2474-4D17-9297-BA24DC1E14BB}.Release|Any CPU.ActiveCfg = Release|Any CPU
		{77ACE62F-2474-4D17-9297-BA24DC1E14BB}.Release|Any CPU.Build.0 = Release|Any CPU
		{95A95D12-EC07-412E-86BE-030187FA8E8A}.Debug|Any CPU.ActiveCfg = Debug|Any CPU
		{95A95D12-EC07-412E-86BE-030187FA8E8A}.Debug|Any CPU.Build.0 = Debug|Any CPU
		{95A95D12-EC07-412E-86BE-030187FA8E8A}.Release|Any CPU.ActiveCfg = Release|Any CPU
		{95A95D12-EC07-412E-86BE-030187FA8E8A}.Release|Any CPU.Build.0 = Release|Any CPU
		{2920C742-7F59-4BE4-89C5-6C2B43A673CB}.Debug|Any CPU.ActiveCfg = Debug|Any CPU
		{2920C742-7F59-4BE4-89C5-6C2B43A673CB}.Debug|Any CPU.Build.0 = Debug|Any CPU
		{2920C742-7F59-4BE4-89C5-6C2B43A673CB}.Release|Any CPU.ActiveCfg = Release|Any CPU
		{2920C742-7F59-4BE4-89C5-6C2B43A673CB}.Release|Any CPU.Build.0 = Release|Any CPU
	EndGlobalSection
	GlobalSection(SolutionProperties) = preSolution
		HideSolutionNode = FALSE
	EndGlobalSection
	GlobalSection(ExtensibilityGlobals) = postSolution
		SolutionGuid = {7CA81EB6-389E-434F-857D-755744003AFC}
	EndGlobalSection
EndGlobal
