
Microsoft Visual Studio Solution File, Format Version 12.00
# Visual Studio Version 17
VisualStudioVersion = 17.2.32630.192
MinimumVisualStudioVersion = 10.0.40219.1
Project("{FAE04EC0-301F-11D3-BF4B-00C04F79EFBC}") = "KjellBlazorDemo", "KjellBlazorDemo\KjellBlazorDemo.csproj", "{7FF749DE-6DBB-4E94-8FA3-155B7B4FA01E}"
EndProject
Global
	GlobalSection(SolutionConfigurationPlatforms) = preSolution
		Debug|Any CPU = Debug|Any CPU
		Release|Any CPU = Release|Any CPU
	EndGlobalSection
	GlobalSection(ProjectConfigurationPlatforms) = postSolution
		{7FF749DE-6DBB-4E94-8FA3-155B7B4FA01E}.Debug|Any CPU.ActiveCfg = Debug|Any CPU
		{7FF749DE-6DBB-4E94-8FA3-155B7B4FA01E}.Debug|Any CPU.Build.0 = Debug|Any CPU
		{7FF749DE-6DBB-4E94-8FA3-155B7B4FA01E}.Release|Any CPU.ActiveCfg = Release|Any CPU
		{7FF749DE-6DBB-4E94-8FA3-155B7B4FA01E}.Release|Any CPU.Build.0 = Release|Any CPU
	EndGlobalSection
	GlobalSection(SolutionProperties) = preSolution
		HideSolutionNode = FALSE
	EndGlobalSection
	GlobalSection(ExtensibilityGlobals) = postSolution
		SolutionGuid = {7CA81EB6-389E-434F-857D-755744003AFC}
	EndGlobalSection
EndGlobal
